
Microsoft Visual Studio Solution File, Format Version 12.00
# Visual Studio 15
VisualStudioVersion = 15.0.34112.143
MinimumVisualStudioVersion = 10.0.40219.1
Project("{8BC9CEB8-8B4A-11D0-8D11-00A0C91BC942}") = "P04", "P04\P04.vcxproj", "{C177B77C-A28A-42CA-B326-6FD1935D234F}"
EndProject
Project("{8BC9CEB8-8B4A-11D0-8D11-00A0C91BC942}") = "P05", "P05\P05.vcxproj", "{6C01D7E0-589A-49A0-A30C-5D3DA18CAAF1}"
EndProject
Project("{8BC9CEB8-8B4A-11D0-8D11-00A0C91BC942}") = "P06", "P06\P06.vcxproj", "{9C3D1DB0-41AA-4B49-A1C5-5C6BFF2040A0}"
EndProject
Project("{8BC9CEB8-8B4A-11D0-8D11-00A0C91BC942}") = "P07", "P07\P07.vcxproj", "{30A4CD2D-398F-4EDD-B959-3D4237D1F37F}"
EndProject
Project("{8BC9CEB8-8B4A-11D0-8D11-00A0C91BC942}") = "P08", "P08\P08.vcxproj", "{CDC6FD31-3E23-4DED-B5C4-CC1D5722474E}"
EndProject
Project("{8BC9CEB8-8B4A-11D0-8D11-00A0C91BC942}") = "P13", "P13\P13.vcxproj", "{34DC3B54-CC90-4D8E-9F07-C8D108417F5D}"
EndProject
Project("{8BC9CEB8-8B4A-11D0-8D11-00A0C91BC942}") = "P14", "P14\P14.vcxproj", "{D00E1413-857E-4752-8E17-BAD4569A4489}"
EndProject
Project("{8BC9CEB8-8B4A-11D0-8D11-00A0C91BC942}") = "P19", "P19\P19.vcxproj", "{519C14BE-6D00-40ED-9353-192323BB641F}"
EndProject
Project("{8BC9CEB8-8B4A-11D0-8D11-00A0C91BC942}") = "P21", "P21\P21.vcxproj", "{D3E18391-65D7-4797-BEAF-ACC1DC1AD796}"
EndProject
Project("{8BC9CEB8-8B4A-11D0-8D11-00A0C91BC942}") = "P25", "P25\P25.vcxproj", "{AB42D669-140A-43B9-8C66-577B89693FBD}"
EndProject
Project("{8BC9CEB8-8B4A-11D0-8D11-00A0C91BC942}") = "P26", "P26\P26.vcxproj", "{FFC63808-AC4A-41B2-AA3F-C211A884F428}"
EndProject
Project("{8BC9CEB8-8B4A-11D0-8D11-00A0C91BC942}") = "P28", "P28\P28.vcxproj", "{BCAA7A36-BA78-4AA4-BF91-9E1A6C34C8DE}"
EndProject
Project("{8BC9CEB8-8B4A-11D0-8D11-00A0C91BC942}") = "P30", "P30\P30.vcxproj", "{9F4886C0-889E-4265-9081-40F0EBFAD368}"
EndProject
Project("{8BC9CEB8-8B4A-11D0-8D11-00A0C91BC942}") = "P37", "P37\P37.vcxproj", "{69A56C0A-0B9B-4D4B-84F6-AB27C4CE9349}"
EndProject
Project("{8BC9CEB8-8B4A-11D0-8D11-00A0C91BC942}") = "6.11", "6.11\6.11.vcxproj", "{3CD40F33-69C8-4EDB-8ACF-7C7B6F0AE609}"
EndProject
Global
	GlobalSection(SolutionConfigurationPlatforms) = preSolution
		Debug|x64 = Debug|x64
		Debug|x86 = Debug|x86
		Release|x64 = Release|x64
		Release|x86 = Release|x86
	EndGlobalSection
	GlobalSection(ProjectConfigurationPlatforms) = postSolution
		{C177B77C-A28A-42CA-B326-6FD1935D234F}.Debug|x64.ActiveCfg = Debug|x64
		{C177B77C-A28A-42CA-B326-6FD1935D234F}.Debug|x64.Build.0 = Debug|x64
		{C177B77C-A28A-42CA-B326-6FD1935D234F}.Debug|x86.ActiveCfg = Debug|Win32
		{C177B77C-A28A-42CA-B326-6FD1935D234F}.Debug|x86.Build.0 = Debug|Win32
		{C177B77C-A28A-42CA-B326-6FD1935D234F}.Release|x64.ActiveCfg = Release|x64
		{C177B77C-A28A-42CA-B326-6FD1935D234F}.Release|x64.Build.0 = Release|x64
		{C177B77C-A28A-42CA-B326-6FD1935D234F}.Release|x86.ActiveCfg = Release|Win32
		{C177B77C-A28A-42CA-B326-6FD1935D234F}.Release|x86.Build.0 = Release|Win32
		{6C01D7E0-589A-49A0-A30C-5D3DA18CAAF1}.Debug|x64.ActiveCfg = Debug|x64
		{6C01D7E0-589A-49A0-A30C-5D3DA18CAAF1}.Debug|x64.Build.0 = Debug|x64
		{6C01D7E0-589A-49A0-A30C-5D3DA18CAAF1}.Debug|x86.ActiveCfg = Debug|Win32
		{6C01D7E0-589A-49A0-A30C-5D3DA18CAAF1}.Debug|x86.Build.0 = Debug|Win32
		{6C01D7E0-589A-49A0-A30C-5D3DA18CAAF1}.Release|x64.ActiveCfg = Release|x64
		{6C01D7E0-589A-49A0-A30C-5D3DA18CAAF1}.Release|x64.Build.0 = Release|x64
		{6C01D7E0-589A-49A0-A30C-5D3DA18CAAF1}.Release|x86.ActiveCfg = Release|Win32
		{6C01D7E0-589A-49A0-A30C-5D3DA18CAAF1}.Release|x86.Build.0 = Release|Win32
		{9C3D1DB0-41AA-4B49-A1C5-5C6BFF2040A0}.Debug|x64.ActiveCfg = Debug|x64
		{9C3D1DB0-41AA-4B49-A1C5-5C6BFF2040A0}.Debug|x64.Build.0 = Debug|x64
		{9C3D1DB0-41AA-4B49-A1C5-5C6BFF2040A0}.Debug|x86.ActiveCfg = Debug|Win32
		{9C3D1DB0-41AA-4B49-A1C5-5C6BFF2040A0}.Debug|x86.Build.0 = Debug|Win32
		{9C3D1DB0-41AA-4B49-A1C5-5C6BFF2040A0}.Release|x64.ActiveCfg = Release|x64
		{9C3D1DB0-41AA-4B49-A1C5-5C6BFF2040A0}.Release|x64.Build.0 = Release|x64
		{9C3D1DB0-41AA-4B49-A1C5-5C6BFF2040A0}.Release|x86.ActiveCfg = Release|Win32
		{9C3D1DB0-41AA-4B49-A1C5-5C6BFF2040A0}.Release|x86.Build.0 = Release|Win32
		{30A4CD2D-398F-4EDD-B959-3D4237D1F37F}.Debug|x64.ActiveCfg = Debug|x64
		{30A4CD2D-398F-4EDD-B959-3D4237D1F37F}.Debug|x64.Build.0 = Debug|x64
		{30A4CD2D-398F-4EDD-B959-3D4237D1F37F}.Debug|x86.ActiveCfg = Debug|Win32
		{30A4CD2D-398F-4EDD-B959-3D4237D1F37F}.Debug|x86.Build.0 = Debug|Win32
		{30A4CD2D-398F-4EDD-B959-3D4237D1F37F}.Release|x64.ActiveCfg = Release|x64
		{30A4CD2D-398F-4EDD-B959-3D4237D1F37F}.Release|x64.Build.0 = Release|x64
		{30A4CD2D-398F-4EDD-B959-3D4237D1F37F}.Release|x86.ActiveCfg = Release|Win32
		{30A4CD2D-398F-4EDD-B959-3D4237D1F37F}.Release|x86.Build.0 = Release|Win32
		{CDC6FD31-3E23-4DED-B5C4-CC1D5722474E}.Debug|x64.ActiveCfg = Debug|x64
		{CDC6FD31-3E23-4DED-B5C4-CC1D5722474E}.Debug|x64.Build.0 = Debug|x64
		{CDC6FD31-3E23-4DED-B5C4-CC1D5722474E}.Debug|x86.ActiveCfg = Debug|Win32
		{CDC6FD31-3E23-4DED-B5C4-CC1D5722474E}.Debug|x86.Build.0 = Debug|Win32
		{CDC6FD31-3E23-4DED-B5C4-CC1D5722474E}.Release|x64.ActiveCfg = Release|x64
		{CDC6FD31-3E23-4DED-B5C4-CC1D5722474E}.Release|x64.Build.0 = Release|x64
		{CDC6FD31-3E23-4DED-B5C4-CC1D5722474E}.Release|x86.ActiveCfg = Release|Win32
		{CDC6FD31-3E23-4DED-B5C4-CC1D5722474E}.Release|x86.Build.0 = Release|Win32
		{34DC3B54-CC90-4D8E-9F07-C8D108417F5D}.Debug|x64.ActiveCfg = Debug|x64
		{34DC3B54-CC90-4D8E-9F07-C8D108417F5D}.Debug|x64.Build.0 = Debug|x64
		{34DC3B54-CC90-4D8E-9F07-C8D108417F5D}.Debug|x86.ActiveCfg = Debug|Win32
		{34DC3B54-CC90-4D8E-9F07-C8D108417F5D}.Debug|x86.Build.0 = Debug|Win32
		{34DC3B54-CC90-4D8E-9F07-C8D108417F5D}.Release|x64.ActiveCfg = Release|x64
		{34DC3B54-CC90-4D8E-9F07-C8D108417F5D}.Release|x64.Build.0 = Release|x64
		{34DC3B54-CC90-4D8E-9F07-C8D108417F5D}.Release|x86.ActiveCfg = Release|Win32
		{34DC3B54-CC90-4D8E-9F07-C8D108417F5D}.Release|x86.Build.0 = Release|Win32
		{D00E1413-857E-4752-8E17-BAD4569A4489}.Debug|x64.ActiveCfg = Debug|x64
		{D00E1413-857E-4752-8E17-BAD4569A4489}.Debug|x64.Build.0 = Debug|x64
		{D00E1413-857E-4752-8E17-BAD4569A4489}.Debug|x86.ActiveCfg = Debug|Win32
		{D00E1413-857E-4752-8E17-BAD4569A4489}.Debug|x86.Build.0 = Debug|Win32
		{D00E1413-857E-4752-8E17-BAD4569A4489}.Release|x64.ActiveCfg = Release|x64
		{D00E1413-857E-4752-8E17-BAD4569A4489}.Release|x64.Build.0 = Release|x64
		{D00E1413-857E-4752-8E17-BAD4569A4489}.Release|x86.ActiveCfg = Release|Win32
		{D00E1413-857E-4752-8E17-BAD4569A4489}.Release|x86.Build.0 = Release|Win32
		{519C14BE-6D00-40ED-9353-192323BB641F}.Debug|x64.ActiveCfg = Debug|x64
		{519C14BE-6D00-40ED-9353-192323BB641F}.Debug|x64.Build.0 = Debug|x64
		{519C14BE-6D00-40ED-9353-192323BB641F}.Debug|x86.ActiveCfg = Debug|Win32
		{519C14BE-6D00-40ED-9353-192323BB641F}.Debug|x86.Build.0 = Debug|Win32
		{519C14BE-6D00-40ED-9353-192323BB641F}.Release|x64.ActiveCfg = Release|x64
		{519C14BE-6D00-40ED-9353-192323BB641F}.Release|x64.Build.0 = Release|x64
		{519C14BE-6D00-40ED-9353-192323BB641F}.Release|x86.ActiveCfg = Release|Win32
		{519C14BE-6D00-40ED-9353-192323BB641F}.Release|x86.Build.0 = Release|Win32
		{D3E18391-65D7-4797-BEAF-ACC1DC1AD796}.Debug|x64.ActiveCfg = Debug|x64
		{D3E18391-65D7-4797-BEAF-ACC1DC1AD796}.Debug|x64.Build.0 = Debug|x64
		{D3E18391-65D7-4797-BEAF-ACC1DC1AD796}.Debug|x86.ActiveCfg = Debug|Win32
		{D3E18391-65D7-4797-BEAF-ACC1DC1AD796}.Debug|x86.Build.0 = Debug|Win32
		{D3E18391-65D7-4797-BEAF-ACC1DC1AD796}.Release|x64.ActiveCfg = Release|x64
		{D3E18391-65D7-4797-BEAF-ACC1DC1AD796}.Release|x64.Build.0 = Release|x64
		{D3E18391-65D7-4797-BEAF-ACC1DC1AD796}.Release|x86.ActiveCfg = Release|Win32
		{D3E18391-65D7-4797-BEAF-ACC1DC1AD796}.Release|x86.Build.0 = Release|Win32
		{AB42D669-140A-43B9-8C66-577B89693FBD}.Debug|x64.ActiveCfg = Debug|x64
		{AB42D669-140A-43B9-8C66-577B89693FBD}.Debug|x64.Build.0 = Debug|x64
		{AB42D669-140A-43B9-8C66-577B89693FBD}.Debug|x86.ActiveCfg = Debug|Win32
		{AB42D669-140A-43B9-8C66-577B89693FBD}.Debug|x86.Build.0 = Debug|Win32
		{AB42D669-140A-43B9-8C66-577B89693FBD}.Release|x64.ActiveCfg = Release|x64
		{AB42D669-140A-43B9-8C66-577B89693FBD}.Release|x64.Build.0 = Release|x64
		{AB42D669-140A-43B9-8C66-577B89693FBD}.Release|x86.ActiveCfg = Release|Win32
		{AB42D669-140A-43B9-8C66-577B89693FBD}.Release|x86.Build.0 = Release|Win32
		{FFC63808-AC4A-41B2-AA3F-C211A884F428}.Debug|x64.ActiveCfg = Debug|x64
		{FFC63808-AC4A-41B2-AA3F-C211A884F428}.Debug|x64.Build.0 = Debug|x64
		{FFC63808-AC4A-41B2-AA3F-C211A884F428}.Debug|x86.ActiveCfg = Debug|Win32
		{FFC63808-AC4A-41B2-AA3F-C211A884F428}.Debug|x86.Build.0 = Debug|Win32
		{FFC63808-AC4A-41B2-AA3F-C211A884F428}.Release|x64.ActiveCfg = Release|x64
		{FFC63808-AC4A-41B2-AA3F-C211A884F428}.Release|x64.Build.0 = Release|x64
		{FFC63808-AC4A-41B2-AA3F-C211A884F428}.Release|x86.ActiveCfg = Release|Win32
		{FFC63808-AC4A-41B2-AA3F-C211A884F428}.Release|x86.Build.0 = Release|Win32
		{BCAA7A36-BA78-4AA4-BF91-9E1A6C34C8DE}.Debug|x64.ActiveCfg = Debug|x64
		{BCAA7A36-BA78-4AA4-BF91-9E1A6C34C8DE}.Debug|x64.Build.0 = Debug|x64
		{BCAA7A36-BA78-4AA4-BF91-9E1A6C34C8DE}.Debug|x86.ActiveCfg = Debug|Win32
		{BCAA7A36-BA78-4AA4-BF91-9E1A6C34C8DE}.Debug|x86.Build.0 = Debug|Win32
		{BCAA7A36-BA78-4AA4-BF91-9E1A6C34C8DE}.Release|x64.ActiveCfg = Release|x64
		{BCAA7A36-BA78-4AA4-BF91-9E1A6C34C8DE}.Release|x64.Build.0 = Release|x64
		{BCAA7A36-BA78-4AA4-BF91-9E1A6C34C8DE}.Release|x86.ActiveCfg = Release|Win32
		{BCAA7A36-BA78-4AA4-BF91-9E1A6C34C8DE}.Release|x86.Build.0 = Release|Win32
		{9F4886C0-889E-4265-9081-40F0EBFAD368}.Debug|x64.ActiveCfg = Debug|x64
		{9F4886C0-889E-4265-9081-40F0EBFAD368}.Debug|x64.Build.0 = Debug|x64
		{9F4886C0-889E-4265-9081-40F0EBFAD368}.Debug|x86.ActiveCfg = Debug|Win32
		{9F4886C0-889E-4265-9081-40F0EBFAD368}.Debug|x86.Build.0 = Debug|Win32
		{9F4886C0-889E-4265-9081-40F0EBFAD368}.Release|x64.ActiveCfg = Release|x64
		{9F4886C0-889E-4265-9081-40F0EBFAD368}.Release|x64.Build.0 = Release|x64
		{9F4886C0-889E-4265-9081-40F0EBFAD368}.Release|x86.ActiveCfg = Release|Win32
		{9F4886C0-889E-4265-9081-40F0EBFAD368}.Release|x86.Build.0 = Release|Win32
		{69A56C0A-0B9B-4D4B-84F6-AB27C4CE9349}.Debug|x64.ActiveCfg = Debug|x64
		{69A56C0A-0B9B-4D4B-84F6-AB27C4CE9349}.Debug|x64.Build.0 = Debug|x64
		{69A56C0A-0B9B-4D4B-84F6-AB27C4CE9349}.Debug|x86.ActiveCfg = Debug|Win32
		{69A56C0A-0B9B-4D4B-84F6-AB27C4CE9349}.Debug|x86.Build.0 = Debug|Win32
		{69A56C0A-0B9B-4D4B-84F6-AB27C4CE9349}.Release|x64.ActiveCfg = Release|x64
		{69A56C0A-0B9B-4D4B-84F6-AB27C4CE9349}.Release|x64.Build.0 = Release|x64
		{69A56C0A-0B9B-4D4B-84F6-AB27C4CE9349}.Release|x86.ActiveCfg = Release|Win32
		{69A56C0A-0B9B-4D4B-84F6-AB27C4CE9349}.Release|x86.Build.0 = Release|Win32
		{3CD40F33-69C8-4EDB-8ACF-7C7B6F0AE609}.Debug|x64.ActiveCfg = Debug|x64
		{3CD40F33-69C8-4EDB-8ACF-7C7B6F0AE609}.Debug|x64.Build.0 = Debug|x64
		{3CD40F33-69C8-4EDB-8ACF-7C7B6F0AE609}.Debug|x86.ActiveCfg = Debug|Win32
		{3CD40F33-69C8-4EDB-8ACF-7C7B6F0AE609}.Debug|x86.Build.0 = Debug|Win32
		{3CD40F33-69C8-4EDB-8ACF-7C7B6F0AE609}.Release|x64.ActiveCfg = Release|x64
		{3CD40F33-69C8-4EDB-8ACF-7C7B6F0AE609}.Release|x64.Build.0 = Release|x64
		{3CD40F33-69C8-4EDB-8ACF-7C7B6F0AE609}.Release|x86.ActiveCfg = Release|Win32
		{3CD40F33-69C8-4EDB-8ACF-7C7B6F0AE609}.Release|x86.Build.0 = Release|Win32
	EndGlobalSection
	GlobalSection(SolutionProperties) = preSolution
		HideSolutionNode = FALSE
	EndGlobalSection
	GlobalSection(ExtensibilityGlobals) = postSolution
		SolutionGuid = {87F3933C-BFC0-491B-9D5A-D9EE40199004}
	EndGlobalSection
EndGlobal
